%{"extwitter": {:hex, :extwitter, "0.8.3", "acb4a4ea425d982706a9b96934c930209e3a61a4c64e7e67a731cb85184786f5", [:mix], [{:oauther, "~> 1.1", [hex: :oauther, optional: false]}, {:poison, "~> 2.0", [hex: :poison, optional: false]}]},
  "oauther": {:hex, :oauther, "1.1.0", "c9a56e200507ce64e069f5273143db0cddd7904cd5d1fe46920388a48f22441b", [:mix], []},
  "poison": {:hex, :poison, "2.2.0", "4763b69a8a77bd77d26f477d196428b741261a761257ff1cf92753a0d4d24a63", [:mix], []}}
